<?xml version="1.0" encoding="utf-8"?>
<Project ToolsVersion="4.0" xmlns="http://schemas.microsoft.com/developer/msbuild/2003">
  <ItemGroup>
    <ClInclude Include="include\Game.hpp" />
    <ClInclude Include="include\FMOD\common.hpp" />
    <ClInclude Include="include\FMOD\common_platform.hpp" />
    <ClInclude Include="include\SceneManager.hpp" />
    <ClInclude Include="include\Scene.hpp" />
    <ClInclude Include="include\CommonData.hpp" />
    <ClInclude Include="include\Title.hpp" />
  </ItemGroup>
  <ItemGroup>
    <ClCompile Include="test\Main.cpp" />
    <ClCompile Include="src\Game.cpp" />
    <ClCompile Include="src\FMOD\common.cpp" />
    <ClCompile Include="src\FMOD\common_platform.cpp" />
    <ClCompile Include="include\GameLoop.hpp" />
    <ClCompile Include="src\SceneManager.cpp" />
    <ClCompile Include="src\GameLoop.cpp" />
    <ClCompile Include="src\Title.cpp" />
  </ItemGroup>
  <ItemGroup>
    <Image Include="..\..\..\..\Pictures\Screenshots\スクリーンショット (9).png" />
  </ItemGroup>
</Project>